// !$*UTF8*$!
{
	archiveVersion = 1;
	classes = {
	};
	objectVersion = 77;
	objects = {

/* Begin PBXBuildFile section */
		405556EBC430D21A94C2E7B1 /* PetView.swift in Sources */ = {isa = PBXBuildFile; fileRef = 8C8EAD1071562DBFD09D522E /* PetView.swift */; };
		577E7FFD4B6F0D7FC7CFE12A /* PixelSprite.swift in Sources */ = {isa = PBXBuildFile; fileRef = 6AB81570DB99A2E0103AE7E8 /* PixelSprite.swift */; };
		63AD973A8FA217723DA5514A /* PetCharactersExtra.swift in Sources */ = {isa = PBXBuildFile; fileRef = 3EF1498E7AC4A37B95C97B5C /* PetCharactersExtra.swift */; };
		6CE3284729EB825189061744 /* PetSkills.swift in Sources */ = {isa = PBXBuildFile; fileRef = D80190009CF188F615590382 /* PetSkills.swift */; };
		812E8BEF139DF97D276C6AC3 /* MacPalApp.swift in Sources */ = {isa = PBXBuildFile; fileRef = D00169503AEF312D8809DBE5 /* MacPalApp.swift */; };
		849D415DEF6AEDAE246EEC4C /* PetHouse.swift in Sources */ = {isa = PBXBuildFile; fileRef = 6D1D301CE6A159FD8726B140 /* PetHouse.swift */; };
		8591818B787E0E9AC4534D15 /* Monster.swift in Sources */ = {isa = PBXBuildFile; fileRef = CC51A73A2BFFC5057E576C38 /* Monster.swift */; };
		85C76F401385E94894E0D144 /* PetState.swift in Sources */ = {isa = PBXBuildFile; fileRef = 9AFD3A7912D05C3C5679E580 /* PetState.swift */; };
		8625BB3377FE5144C595CC0C /* AppIcon.icns in Resources */ = {isa = PBXBuildFile; fileRef = 27F0A53450F9FEF6ADB31C5D /* AppIcon.icns */; };
		9554EC4F1DDA79854FFB4232 /* AppDelegate.swift in Sources */ = {isa = PBXBuildFile; fileRef = D3DB80F83B8BB1A794E0BB16 /* AppDelegate.swift */; };
		BA2C87DB48AC694BAC21EBA9 /* PetController.swift in Sources */ = {isa = PBXBuildFile; fileRef = 41FDBB2081877B9ED699B4DE /* PetController.swift */; };
		BC4D93A3A98C8F4F357E58A3 /* PetCharacters.swift in Sources */ = {isa = PBXBuildFile; fileRef = E94F04BE39E5E219CACFEB09 /* PetCharacters.swift */; };
		BE73FC41C453E5CC6AD2BDFA /* HouseWindow.swift in Sources */ = {isa = PBXBuildFile; fileRef = B2C94FB6CA34C7FBA74A75F1 /* HouseWindow.swift */; };
		E1C5774DE9E2CA24E08AB4E5 /* MonsterWindow.swift in Sources */ = {isa = PBXBuildFile; fileRef = AD6161AA39CB737C63E30449 /* MonsterWindow.swift */; };
		E6B40725FD3C5851B1A797CF /* HomeWindow.swift in Sources */ = {isa = PBXBuildFile; fileRef = 2802954392128AA8119D9E1F /* HomeWindow.swift */; };
		F5FFBCA5A0507B36D07BBF52 /* MonsterSprites.swift in Sources */ = {isa = PBXBuildFile; fileRef = 8E7EC995B97D13392848D95A /* MonsterSprites.swift */; };
		F9C1F3EB998F7ADE77F0D5D7 /* PetStats.swift in Sources */ = {isa = PBXBuildFile; fileRef = 5B2DB3F7A593C41253E33D75 /* PetStats.swift */; };
		F9E66D22BDA8F3F4C8022C4A /* HouseView.swift in Sources */ = {isa = PBXBuildFile; fileRef = 4C06D58FA7906BBB6CEEC75A /* HouseView.swift */; };
		FD11B6BBC23C11DE80933E31 /* PetWindow.swift in Sources */ = {isa = PBXBuildFile; fileRef = 9A25F9C425C0AFC7810AFAB8 /* PetWindow.swift */; };
/* End PBXBuildFile section */

/* Begin PBXFileReference section */
		27F0A53450F9FEF6ADB31C5D /* AppIcon.icns */ = {isa = PBXFileReference; lastKnownFileType = image.icns; path = AppIcon.icns; sourceTree = "<group>"; };
		2802954392128AA8119D9E1F /* HomeWindow.swift */ = {isa = PBXFileReference; lastKnownFileType = sourcecode.swift; path = HomeWindow.swift; sourceTree = "<group>"; };
		2EA6A15DA350B19719E2EFBF /* Info.plist */ = {isa = PBXFileReference; lastKnownFileType = text.plist; path = Info.plist; sourceTree = "<group>"; };
		3EF1498E7AC4A37B95C97B5C /* PetCharactersExtra.swift */ = {isa = PBXFileReference; lastKnownFileType = sourcecode.swift; path = PetCharactersExtra.swift; sourceTree = "<group>"; };
		41FDBB2081877B9ED699B4DE /* PetController.swift */ = {isa = PBXFileReference; lastKnownFileType = sourcecode.swift; path = PetController.swift; sourceTree = "<group>"; };
		4C06D58FA7906BBB6CEEC75A /* HouseView.swift */ = {isa = PBXFileReference; lastKnownFileType = sourcecode.swift; path = HouseView.swift; sourceTree = "<group>"; };
		5B2DB3F7A593C41253E33D75 /* PetStats.swift */ = {isa = PBXFileReference; lastKnownFileType = sourcecode.swift; path = PetStats.swift; sourceTree = "<group>"; };
		6AB81570DB99A2E0103AE7E8 /* PixelSprite.swift */ = {isa = PBXFileReference; lastKnownFileType = sourcecode.swift; path = PixelSprite.swift; sourceTree = "<group>"; };
		6D1D301CE6A159FD8726B140 /* PetHouse.swift */ = {isa = PBXFileReference; lastKnownFileType = sourcecode.swift; path = PetHouse.swift; sourceTree = "<group>"; };
		8C8EAD1071562DBFD09D522E /* PetView.swift */ = {isa = PBXFileReference; lastKnownFileType = sourcecode.swift; path = PetView.swift; sourceTree = "<group>"; };
		8E7EC995B97D13392848D95A /* MonsterSprites.swift */ = {isa = PBXFileReference; lastKnownFileType = sourcecode.swift; path = MonsterSprites.swift; sourceTree = "<group>"; };
		9A25F9C425C0AFC7810AFAB8 /* PetWindow.swift */ = {isa = PBXFileReference; lastKnownFileType = sourcecode.swift; path = PetWindow.swift; sourceTree = "<group>"; };
		9AFD3A7912D05C3C5679E580 /* PetState.swift */ = {isa = PBXFileReference; lastKnownFileType = sourcecode.swift; path = PetState.swift; sourceTree = "<group>"; };
		AD6161AA39CB737C63E30449 /* MonsterWindow.swift */ = {isa = PBXFileReference; lastKnownFileType = sourcecode.swift; path = MonsterWindow.swift; sourceTree = "<group>"; };
		B2C94FB6CA34C7FBA74A75F1 /* HouseWindow.swift */ = {isa = PBXFileReference; lastKnownFileType = sourcecode.swift; path = HouseWindow.swift; sourceTree = "<group>"; };
		CC51A73A2BFFC5057E576C38 /* Monster.swift */ = {isa = PBXFileReference; lastKnownFileType = sourcecode.swift; path = Monster.swift; sourceTree = "<group>"; };
		D00169503AEF312D8809DBE5 /* MacPalApp.swift */ = {isa = PBXFileReference; lastKnownFileType = sourcecode.swift; path = MacPalApp.swift; sourceTree = "<group>"; };
		D2038FA4F9D63E54D9086AA2 /* MacPal.app */ = {isa = PBXFileReference; explicitFileType = wrapper.application; includeInIndex = 0; path = MacPal.app; sourceTree = BUILT_PRODUCTS_DIR; };
		D3DB80F83B8BB1A794E0BB16 /* AppDelegate.swift */ = {isa = PBXFileReference; lastKnownFileType = sourcecode.swift; path = AppDelegate.swift; sourceTree = "<group>"; };
		D80190009CF188F615590382 /* PetSkills.swift */ = {isa = PBXFileReference; lastKnownFileType = sourcecode.swift; path = PetSkills.swift; sourceTree = "<group>"; };
		E94F04BE39E5E219CACFEB09 /* PetCharacters.swift */ = {isa = PBXFileReference; lastKnownFileType = sourcecode.swift; path = PetCharacters.swift; sourceTree = "<group>"; };
/* End PBXFileReference section */

/* Begin PBXGroup section */
		0AE1885CC53C287E67825457 /* Products */ = {
			isa = PBXGroup;
			children = (
				D2038FA4F9D63E54D9086AA2 /* MacPal.app */,
			);
			name = Products;
			sourceTree = "<group>";
		};
		605FA9EE76108B42E076ACB0 /* MacPal */ = {
			isa = PBXGroup;
			children = (
				D3DB80F83B8BB1A794E0BB16 /* AppDelegate.swift */,
				2802954392128AA8119D9E1F /* HomeWindow.swift */,
				4C06D58FA7906BBB6CEEC75A /* HouseView.swift */,
				B2C94FB6CA34C7FBA74A75F1 /* HouseWindow.swift */,
				2EA6A15DA350B19719E2EFBF /* Info.plist */,
				D00169503AEF312D8809DBE5 /* MacPalApp.swift */,
				CC51A73A2BFFC5057E576C38 /* Monster.swift */,
				8E7EC995B97D13392848D95A /* MonsterSprites.swift */,
				AD6161AA39CB737C63E30449 /* MonsterWindow.swift */,
				E94F04BE39E5E219CACFEB09 /* PetCharacters.swift */,
				3EF1498E7AC4A37B95C97B5C /* PetCharactersExtra.swift */,
				41FDBB2081877B9ED699B4DE /* PetController.swift */,
				6D1D301CE6A159FD8726B140 /* PetHouse.swift */,
				D80190009CF188F615590382 /* PetSkills.swift */,
				9AFD3A7912D05C3C5679E580 /* PetState.swift */,
				5B2DB3F7A593C41253E33D75 /* PetStats.swift */,
				8C8EAD1071562DBFD09D522E /* PetView.swift */,
				9A25F9C425C0AFC7810AFAB8 /* PetWindow.swift */,
				6AB81570DB99A2E0103AE7E8 /* PixelSprite.swift */,
				B5482F16FE92C6BB3BB7CF91 /* Resources */,
			);
			path = MacPal;
			sourceTree = "<group>";
		};
		B5482F16FE92C6BB3BB7CF91 /* Resources */ = {
			isa = PBXGroup;
			children = (
				27F0A53450F9FEF6ADB31C5D /* AppIcon.icns */,
			);
			path = Resources;
			sourceTree = "<group>";
		};
		FD1F70922628BF5125A53EC3 = {
			isa = PBXGroup;
			children = (
				605FA9EE76108B42E076ACB0 /* MacPal */,
				0AE1885CC53C287E67825457 /* Products */,
			);
			sourceTree = "<group>";
		};
/* End PBXGroup section */

/* Begin PBXNativeTarget section */
		235441376F0BC7F3D511A0BC /* MacPal */ = {
			isa = PBXNativeTarget;
			buildConfigurationList = 259EB9AB9A127FF68D6C9936 /* Build configuration list for PBXNativeTarget "MacPal" */;
			buildPhases = (
				AF91444EC302481E47D936D0 /* Sources */,
				FE7B1CC23346490263A53E53 /* Resources */,
			);
			buildRules = (
			);
			dependencies = (
			);
			name = MacPal;
			packageProductDependencies = (
			);
			productName = MacPal;
			productReference = D2038FA4F9D63E54D9086AA2 /* MacPal.app */;
			productType = "com.apple.product-type.application";
		};
/* End PBXNativeTarget section */

/* Begin PBXProject section */
		DA3491A301C7F89950DE7FB3 /* Project object */ = {
			isa = PBXProject;
			attributes = {
				BuildIndependentTargetsInParallel = YES;
				LastUpgradeCheck = 1430;
				TargetAttributes = {
					235441376F0BC7F3D511A0BC = {
						DevelopmentTeam = "";
						ProvisioningStyle = Automatic;
					};
				};
			};
			buildConfigurationList = 8C3E2FC87B4B126B481ED993 /* Build configuration list for PBXProject "MacPal" */;
			developmentRegion = en;
			hasScannedForEncodings = 0;
			knownRegions = (
				Base,
				en,
			);
			mainGroup = FD1F70922628BF5125A53EC3;
			minimizedProjectReferenceProxies = 1;
			preferredProjectObjectVersion = 77;
			productRefGroup = 0AE1885CC53C287E67825457 /* Products */;
			projectDirPath = "";
			projectRoot = "";
			targets = (
				235441376F0BC7F3D511A0BC /* MacPal */,
			);
		};
/* End PBXProject section */

/* Begin PBXResourcesBuildPhase section */
		FE7B1CC23346490263A53E53 /* Resources */ = {
			isa = PBXResourcesBuildPhase;
			buildActionMask = 2147483647;
			files = (
				8625BB3377FE5144C595CC0C /* AppIcon.icns in Resources */,
			);
			runOnlyForDeploymentPostprocessing = 0;
		};
/* End PBXResourcesBuildPhase section */

/* Begin PBXSourcesBuildPhase section */
		AF91444EC302481E47D936D0 /* Sources */ = {
			isa = PBXSourcesBuildPhase;
			buildActionMask = 2147483647;
			files = (
				9554EC4F1DDA79854FFB4232 /* AppDelegate.swift in Sources */,
				E6B40725FD3C5851B1A797CF /* HomeWindow.swift in Sources */,
				F9E66D22BDA8F3F4C8022C4A /* HouseView.swift in Sources */,
				BE73FC41C453E5CC6AD2BDFA /* HouseWindow.swift in Sources */,
				812E8BEF139DF97D276C6AC3 /* MacPalApp.swift in Sources */,
				8591818B787E0E9AC4534D15 /* Monster.swift in Sources */,
				F5FFBCA5A0507B36D07BBF52 /* MonsterSprites.swift in Sources */,
				E1C5774DE9E2CA24E08AB4E5 /* MonsterWindow.swift in Sources */,
				BC4D93A3A98C8F4F357E58A3 /* PetCharacters.swift in Sources */,
				63AD973A8FA217723DA5514A /* PetCharactersExtra.swift in Sources */,
				BA2C87DB48AC694BAC21EBA9 /* PetController.swift in Sources */,
				849D415DEF6AEDAE246EEC4C /* PetHouse.swift in Sources */,
				6CE3284729EB825189061744 /* PetSkills.swift in Sources */,
				85C76F401385E94894E0D144 /* PetState.swift in Sources */,
				F9C1F3EB998F7ADE77F0D5D7 /* PetStats.swift in Sources */,
				405556EBC430D21A94C2E7B1 /* PetView.swift in Sources */,
				FD11B6BBC23C11DE80933E31 /* PetWindow.swift in Sources */,
				577E7FFD4B6F0D7FC7CFE12A /* PixelSprite.swift in Sources */,
			);
			runOnlyForDeploymentPostprocessing = 0;
		};
/* End PBXSourcesBuildPhase section */

/* Begin XCBuildConfiguration section */
		1536BE980E3C9A0512F8A0CB /* Release */ = {
			isa = XCBuildConfiguration;
			buildSettings = {
				ASSETCATALOG_COMPILER_APPICON_NAME = AppIcon;
				COMBINE_HIDPI_IMAGES = YES;
				ENABLE_APP_SANDBOX = NO;
				GENERATE_INFOPLIST_FILE = NO;
				INFOPLIST_FILE = MacPal/Info.plist;
				LD_RUNPATH_SEARCH_PATHS = (
					"$(inherited)",
					"@executable_path/../Frameworks",
				);
				PRODUCT_BUNDLE_IDENTIFIER = com.teerapat.MacPal;
				SDKROOT = macosx;
			};
			name = Release;
		};
		5D2D0D39FBC8540194AC8305 /* Debug */ = {
			isa = XCBuildConfiguration;
			buildSettings = {
				ASSETCATALOG_COMPILER_APPICON_NAME = AppIcon;
				COMBINE_HIDPI_IMAGES = YES;
				ENABLE_APP_SANDBOX = NO;
				GENERATE_INFOPLIST_FILE = NO;
				INFOPLIST_FILE = MacPal/Info.plist;
				LD_RUNPATH_SEARCH_PATHS = (
					"$(inherited)",
					"@executable_path/../Frameworks",
				);
				PRODUCT_BUNDLE_IDENTIFIER = com.teerapat.MacPal;
				SDKROOT = macosx;
			};
			name = Debug;
		};
		86DE657453BD549E46782F19 /* Debug */ = {
			isa = XCBuildConfiguration;
			buildSettings = {
				ALWAYS_SEARCH_USER_PATHS = NO;
				CLANG_ANALYZER_NONNULL = YES;
				CLANG_ANALYZER_NUMBER_OBJECT_CONVERSION = YES_AGGRESSIVE;
				CLANG_CXX_LANGUAGE_STANDARD = "gnu++14";
				CLANG_CXX_LIBRARY = "libc++";
				CLANG_ENABLE_MODULES = YES;
				CLANG_ENABLE_OBJC_ARC = YES;
				CLANG_ENABLE_OBJC_WEAK = YES;
				CLANG_WARN_BLOCK_CAPTURE_AUTORELEASING = YES;
				CLANG_WARN_BOOL_CONVERSION = YES;
				CLANG_WARN_COMMA = YES;
				CLANG_WARN_CONSTANT_CONVERSION = YES;
				CLANG_WARN_DEPRECATED_OBJC_IMPLEMENTATIONS = YES;
				CLANG_WARN_DIRECT_OBJC_ISA_USAGE = YES_ERROR;
				CLANG_WARN_DOCUMENTATION_COMMENTS = YES;
				CLANG_WARN_EMPTY_BODY = YES;
				CLANG_WARN_ENUM_CONVERSION = YES;
				CLANG_WARN_INFINITE_RECURSION = YES;
				CLANG_WARN_INT_CONVERSION = YES;
				CLANG_WARN_NON_LITERAL_NULL_CONVERSION = YES;
				CLANG_WARN_OBJC_IMPLICIT_RETAIN_SELF = YES;
				CLANG_WARN_OBJC_LITERAL_CONVERSION = YES;
				CLANG_WARN_OBJC_ROOT_CLASS = YES_ERROR;
				CLANG_WARN_QUOTED_INCLUDE_IN_FRAMEWORK_HEADER = YES;
				CLANG_WARN_RANGE_LOOP_ANALYSIS = YES;
				CLANG_WARN_STRICT_PROTOTYPES = YES;
				CLANG_WARN_SUSPICIOUS_MOVE = YES;
				CLANG_WARN_UNGUARDED_AVAILABILITY = YES_AGGRESSIVE;
				CLANG_WARN_UNREACHABLE_CODE = YES;
				CLANG_WARN__DUPLICATE_METHOD_MATCH = YES;
				CODE_SIGN_IDENTITY = "-";
				CODE_SIGN_STYLE = Automatic;
				COPY_PHASE_STRIP = NO;
				CURRENT_PROJECT_VERSION = 1;
				DEBUG_INFORMATION_FORMAT = dwarf;
				DEVELOPMENT_TEAM = "";
				ENABLE_HARDENED_RUNTIME = YES;
				ENABLE_STRICT_OBJC_MSGSEND = YES;
				ENABLE_TESTABILITY = YES;
				GCC_C_LANGUAGE_STANDARD = gnu11;
				GCC_DYNAMIC_NO_PIC = NO;
				GCC_NO_COMMON_BLOCKS = YES;
				GCC_OPTIMIZATION_LEVEL = 0;
				GCC_PREPROCESSOR_DEFINITIONS = (
					"$(inherited)",
					"DEBUG=1",
				);
				GCC_WARN_64_TO_32_BIT_CONVERSION = YES;
				GCC_WARN_ABOUT_RETURN_TYPE = YES_ERROR;
				GCC_WARN_UNDECLARED_SELECTOR = YES;
				GCC_WARN_UNINITIALIZED_AUTOS = YES_AGGRESSIVE;
				GCC_WARN_UNUSED_FUNCTION = YES;
				GCC_WARN_UNUSED_VARIABLE = YES;
				MACOSX_DEPLOYMENT_TARGET = 14.0;
				MARKETING_VERSION = 0.1.0;
				MTL_ENABLE_DEBUG_INFO = INCLUDE_SOURCE;
				MTL_FAST_MATH = YES;
				ONLY_ACTIVE_ARCH = YES;
				PRODUCT_NAME = "$(TARGET_NAME)";
				SDKROOT = macosx;
				SWIFT_ACTIVE_COMPILATION_CONDITIONS = DEBUG;
				SWIFT_OPTIMIZATION_LEVEL = "-Onone";
				SWIFT_VERSION = 6.0;
			};
			name = Debug;
		};
		BA5FB760AE4116980D879A8D /* Release */ = {
			isa = XCBuildConfiguration;
			buildSettings = {
				ALWAYS_SEARCH_USER_PATHS = NO;
				CLANG_ANALYZER_NONNULL = YES;
				CLANG_ANALYZER_NUMBER_OBJECT_CONVERSION = YES_AGGRESSIVE;
				CLANG_CXX_LANGUAGE_STANDARD = "gnu++14";
				CLANG_CXX_LIBRARY = "libc++";
				CLANG_ENABLE_MODULES = YES;
				CLANG_ENABLE_OBJC_ARC = YES;
				CLANG_ENABLE_OBJC_WEAK = YES;
				CLANG_WARN_BLOCK_CAPTURE_AUTORELEASING = YES;
				CLANG_WARN_BOOL_CONVERSION = YES;
				CLANG_WARN_COMMA = YES;
				CLANG_WARN_CONSTANT_CONVERSION = YES;
				CLANG_WARN_DEPRECATED_OBJC_IMPLEMENTATIONS = YES;
				CLANG_WARN_DIRECT_OBJC_ISA_USAGE = YES_ERROR;
				CLANG_WARN_DOCUMENTATION_COMMENTS = YES;
				CLANG_WARN_EMPTY_BODY = YES;
				CLANG_WARN_ENUM_CONVERSION = YES;
				CLANG_WARN_INFINITE_RECURSION = YES;
				CLANG_WARN_INT_CONVERSION = YES;
				CLANG_WARN_NON_LITERAL_NULL_CONVERSION = YES;
				CLANG_WARN_OBJC_IMPLICIT_RETAIN_SELF = YES;
				CLANG_WARN_OBJC_LITERAL_CONVERSION = YES;
				CLANG_WARN_OBJC_ROOT_CLASS = YES_ERROR;
				CLANG_WARN_QUOTED_INCLUDE_IN_FRAMEWORK_HEADER = YES;
				CLANG_WARN_RANGE_LOOP_ANALYSIS = YES;
				CLANG_WARN_STRICT_PROTOTYPES = YES;
				CLANG_WARN_SUSPICIOUS_MOVE = YES;
				CLANG_WARN_UNGUARDED_AVAILABILITY = YES_AGGRESSIVE;
				CLANG_WARN_UNREACHABLE_CODE = YES;
				CLANG_WARN__DUPLICATE_METHOD_MATCH = YES;
				CODE_SIGN_IDENTITY = "-";
				CODE_SIGN_STYLE = Automatic;
				COPY_PHASE_STRIP = NO;
				CURRENT_PROJECT_VERSION = 1;
				DEBUG_INFORMATION_FORMAT = "dwarf-with-dsym";
				DEVELOPMENT_TEAM = "";
				ENABLE_HARDENED_RUNTIME = YES;
				ENABLE_NS_ASSERTIONS = NO;
				ENABLE_STRICT_OBJC_MSGSEND = YES;
				GCC_C_LANGUAGE_STANDARD = gnu11;
				GCC_NO_COMMON_BLOCKS = YES;
				GCC_WARN_64_TO_32_BIT_CONVERSION = YES;
				GCC_WARN_ABOUT_RETURN_TYPE = YES_ERROR;
				GCC_WARN_UNDECLARED_SELECTOR = YES;
				GCC_WARN_UNINITIALIZED_AUTOS = YES_AGGRESSIVE;
				GCC_WARN_UNUSED_FUNCTION = YES;
				GCC_WARN_UNUSED_VARIABLE = YES;
				MACOSX_DEPLOYMENT_TARGET = 14.0;
				MARKETING_VERSION = 0.1.0;
				MTL_ENABLE_DEBUG_INFO = NO;
				MTL_FAST_MATH = YES;
				PRODUCT_NAME = "$(TARGET_NAME)";
				SDKROOT = macosx;
				SWIFT_COMPILATION_MODE = wholemodule;
				SWIFT_OPTIMIZATION_LEVEL = "-O";
				SWIFT_VERSION = 6.0;
			};
			name = Release;
		};
/* End XCBuildConfiguration section */

/* Begin XCConfigurationList section */
		259EB9AB9A127FF68D6C9936 /* Build configuration list for PBXNativeTarget "MacPal" */ = {
			isa = XCConfigurationList;
			buildConfigurations = (
				5D2D0D39FBC8540194AC8305 /* Debug */,
				1536BE980E3C9A0512F8A0CB /* Release */,
			);
			defaultConfigurationIsVisible = 0;
			defaultConfigurationName = Debug;
		};
		8C3E2FC87B4B126B481ED993 /* Build configuration list for PBXProject "MacPal" */ = {
			isa = XCConfigurationList;
			buildConfigurations = (
				86DE657453BD549E46782F19 /* Debug */,
				BA5FB760AE4116980D879A8D /* Release */,
			);
			defaultConfigurationIsVisible = 0;
			defaultConfigurationName = Debug;
		};
/* End XCConfigurationList section */
	};
	rootObject = DA3491A301C7F89950DE7FB3 /* Project object */;
}
